
Microsoft Visual Studio Solution File, Format Version 12.00
# Visual Studio Version 17
VisualStudioVersion = 17.0.32112.339
MinimumVisualStudioVersion = 10.0.40219.1
Project("{9A19103F-16F7-4668-BE54-9A1E7A4F7556}") = "Consola", "Dennis_proyectoVB\Consola.csproj", "{5BAF10F2-0322-4AAF-B007-88620DB35D4A}"
EndProject
Project("{9A19103F-16F7-4668-BE54-9A1E7A4F7556}") = "Modelo", "ConsoleApp1\Modelo.csproj", "{BEDB7E8C-085B-4BE3-95A9-D8F43F97E0C6}"
EndProject
Project("{9A19103F-16F7-4668-BE54-9A1E7A4F7556}") = "ModeloBD", "ModeloBD\ModeloBD.csproj", "{4BE588B6-8DEC-4E3D-BF28-C8C7D2B3B247}"
	ProjectSection(ProjectDependencies) = postProject
		{BEDB7E8C-085B-4BE3-95A9-D8F43F97E0C6} = {BEDB7E8C-085B-4BE3-95A9-D8F43F97E0C6}
	EndProjectSection
EndProject
Global
	GlobalSection(SolutionConfigurationPlatforms) = preSolution
		Debug|Any CPU = Debug|Any CPU
		Release|Any CPU = Release|Any CPU
	EndGlobalSection
	GlobalSection(ProjectConfigurationPlatforms) = postSolution
		{5BAF10F2-0322-4AAF-B007-88620DB35D4A}.Debug|Any CPU.ActiveCfg = Debug|Any CPU
		{5BAF10F2-0322-4AAF-B007-88620DB35D4A}.Debug|Any CPU.Build.0 = Debug|Any CPU
		{5BAF10F2-0322-4AAF-B007-88620DB35D4A}.Release|Any CPU.ActiveCfg = Release|Any CPU
		{5BAF10F2-0322-4AAF-B007-88620DB35D4A}.Release|Any CPU.Build.0 = Release|Any CPU
		{BEDB7E8C-085B-4BE3-95A9-D8F43F97E0C6}.Debug|Any CPU.ActiveCfg = Debug|Any CPU
		{BEDB7E8C-085B-4BE3-95A9-D8F43F97E0C6}.Debug|Any CPU.Build.0 = Debug|Any CPU
		{BEDB7E8C-085B-4BE3-95A9-D8F43F97E0C6}.Release|Any CPU.ActiveCfg = Release|Any CPU
		{BEDB7E8C-085B-4BE3-95A9-D8F43F97E0C6}.Release|Any CPU.Build.0 = Release|Any CPU
		{4BE588B6-8DEC-4E3D-BF28-C8C7D2B3B247}.Debug|Any CPU.ActiveCfg = Debug|Any CPU
		{4BE588B6-8DEC-4E3D-BF28-C8C7D2B3B247}.Debug|Any CPU.Build.0 = Debug|Any CPU
		{4BE588B6-8DEC-4E3D-BF28-C8C7D2B3B247}.Release|Any CPU.ActiveCfg = Release|Any CPU
		{4BE588B6-8DEC-4E3D-BF28-C8C7D2B3B247}.Release|Any CPU.Build.0 = Release|Any CPU
	EndGlobalSection
	GlobalSection(SolutionProperties) = preSolution
		HideSolutionNode = FALSE
	EndGlobalSection
	GlobalSection(ExtensibilityGlobals) = postSolution
		SolutionGuid = {8C0F9D3D-217B-4DA4-B51A-930D731BF4FA}
	EndGlobalSection
EndGlobal
