
Microsoft Visual Studio Solution File, Format Version 12.00
# Visual Studio Version 17
VisualStudioVersion = 17.0.32112.339
MinimumVisualStudioVersion = 10.0.40219.1
Project("{FAE04EC0-301F-11D3-BF4B-00C04F79EFBC}") = "consola", "consola\consola.csproj", "{7B5F6701-CD92-4E0E-B747-51916F1C4666}"
EndProject
Project("{FAE04EC0-301F-11D3-BF4B-00C04F79EFBC}") = "Modelo", "Modelo\Modelo.csproj", "{C79E033A-AFE7-4726-A2E1-AC0F621646C7}"
EndProject
Project("{FAE04EC0-301F-11D3-BF4B-00C04F79EFBC}") = "ModeloDB", "ModeloDB\ModeloDB.csproj", "{12C6B198-ADD3-46E7-BB72-5AF917221C65}"
EndProject
Global
	GlobalSection(SolutionConfigurationPlatforms) = preSolution
		Debug|Any CPU = Debug|Any CPU
		Release|Any CPU = Release|Any CPU
	EndGlobalSection
	GlobalSection(ProjectConfigurationPlatforms) = postSolution
		{7B5F6701-CD92-4E0E-B747-51916F1C4666}.Debug|Any CPU.ActiveCfg = Debug|Any CPU
		{7B5F6701-CD92-4E0E-B747-51916F1C4666}.Debug|Any CPU.Build.0 = Debug|Any CPU
		{7B5F6701-CD92-4E0E-B747-51916F1C4666}.Release|Any CPU.ActiveCfg = Release|Any CPU
		{7B5F6701-CD92-4E0E-B747-51916F1C4666}.Release|Any CPU.Build.0 = Release|Any CPU
		{C79E033A-AFE7-4726-A2E1-AC0F621646C7}.Debug|Any CPU.ActiveCfg = Debug|Any CPU
		{C79E033A-AFE7-4726-A2E1-AC0F621646C7}.Debug|Any CPU.Build.0 = Debug|Any CPU
		{C79E033A-AFE7-4726-A2E1-AC0F621646C7}.Release|Any CPU.ActiveCfg = Release|Any CPU
		{C79E033A-AFE7-4726-A2E1-AC0F621646C7}.Release|Any CPU.Build.0 = Release|Any CPU
		{12C6B198-ADD3-46E7-BB72-5AF917221C65}.Debug|Any CPU.ActiveCfg = Debug|Any CPU
		{12C6B198-ADD3-46E7-BB72-5AF917221C65}.Debug|Any CPU.Build.0 = Debug|Any CPU
		{12C6B198-ADD3-46E7-BB72-5AF917221C65}.Release|Any CPU.ActiveCfg = Release|Any CPU
		{12C6B198-ADD3-46E7-BB72-5AF917221C65}.Release|Any CPU.Build.0 = Release|Any CPU
	EndGlobalSection
	GlobalSection(SolutionProperties) = preSolution
		HideSolutionNode = FALSE
	EndGlobalSection
	GlobalSection(ExtensibilityGlobals) = postSolution
		SolutionGuid = {D9C38706-A3A2-46D4-B145-9CDFA0F1261A}
	EndGlobalSection
EndGlobal
