
Microsoft Visual Studio Solution File, Format Version 12.00
# Visual Studio Version 17
VisualStudioVersion = 17.0.32112.339
MinimumVisualStudioVersion = 10.0.40219.1
Project("{FAE04EC0-301F-11D3-BF4B-00C04F79EFBC}") = "Modelo", "Modelo\Modelo.csproj", "{C6774060-6C69-4AF3-99A1-32F1D9B254E0}"
EndProject
Project("{FAE04EC0-301F-11D3-BF4B-00C04F79EFBC}") = "Console", "Console\Console.csproj", "{0507822A-17D6-4C74-93AA-20F16605A94A}"
EndProject
Project("{FAE04EC0-301F-11D3-BF4B-00C04F79EFBC}") = "ModeloDB", "ModeloDB\ModeloDB.csproj", "{10FEDE7F-3067-441E-9123-B6029775EA52}"
EndProject
Global
	GlobalSection(SolutionConfigurationPlatforms) = preSolution
		Debug|Any CPU = Debug|Any CPU
		Release|Any CPU = Release|Any CPU
	EndGlobalSection
	GlobalSection(ProjectConfigurationPlatforms) = postSolution
		{C6774060-6C69-4AF3-99A1-32F1D9B254E0}.Debug|Any CPU.ActiveCfg = Debug|Any CPU
		{C6774060-6C69-4AF3-99A1-32F1D9B254E0}.Debug|Any CPU.Build.0 = Debug|Any CPU
		{C6774060-6C69-4AF3-99A1-32F1D9B254E0}.Release|Any CPU.ActiveCfg = Release|Any CPU
		{C6774060-6C69-4AF3-99A1-32F1D9B254E0}.Release|Any CPU.Build.0 = Release|Any CPU
		{0507822A-17D6-4C74-93AA-20F16605A94A}.Debug|Any CPU.ActiveCfg = Debug|Any CPU
		{0507822A-17D6-4C74-93AA-20F16605A94A}.Debug|Any CPU.Build.0 = Debug|Any CPU
		{0507822A-17D6-4C74-93AA-20F16605A94A}.Release|Any CPU.ActiveCfg = Release|Any CPU
		{0507822A-17D6-4C74-93AA-20F16605A94A}.Release|Any CPU.Build.0 = Release|Any CPU
		{10FEDE7F-3067-441E-9123-B6029775EA52}.Debug|Any CPU.ActiveCfg = Debug|Any CPU
		{10FEDE7F-3067-441E-9123-B6029775EA52}.Debug|Any CPU.Build.0 = Debug|Any CPU
		{10FEDE7F-3067-441E-9123-B6029775EA52}.Release|Any CPU.ActiveCfg = Release|Any CPU
		{10FEDE7F-3067-441E-9123-B6029775EA52}.Release|Any CPU.Build.0 = Release|Any CPU
	EndGlobalSection
	GlobalSection(SolutionProperties) = preSolution
		HideSolutionNode = FALSE
	EndGlobalSection
	GlobalSection(ExtensibilityGlobals) = postSolution
		SolutionGuid = {1F1B56FB-8DB0-4AFB-BEC1-BFD788C1A9D1}
	EndGlobalSection
EndGlobal
